
Microsoft Visual Studio Solution File, Format Version 12.00
# Visual Studio Version 16
VisualStudioVersion = 16.0.29503.13
MinimumVisualStudioVersion = 10.0.40219.1
Project("{FAE04EC0-301F-11D3-BF4B-00C04F79EFBC}") = "BugTracker", "BugTracker\BugTracker.csproj", "{42BE8851-682A-49D5-B860-B3363CBB9591}"
EndProject
Global
	GlobalSection(SolutionConfigurationPlatforms) = preSolution
		Debug|Any CPU = Debug|Any CPU
		Release|Any CPU = Release|Any CPU
	EndGlobalSection
	GlobalSection(ProjectConfigurationPlatforms) = postSolution
		{42BE8851-682A-49D5-B860-B3363CBB9591}.Debug|Any CPU.ActiveCfg = Debug|Any CPU
		{42BE8851-682A-49D5-B860-B3363CBB9591}.Debug|Any CPU.Build.0 = Debug|Any CPU
		{42BE8851-682A-49D5-B860-B3363CBB9591}.Release|Any CPU.ActiveCfg = Release|Any CPU
		{42BE8851-682A-49D5-B860-B3363CBB9591}.Release|Any CPU.Build.0 = Release|Any CPU
	EndGlobalSection
	GlobalSection(SolutionProperties) = preSolution
		HideSolutionNode = FALSE
	EndGlobalSection
	GlobalSection(ExtensibilityGlobals) = postSolution
		SolutionGuid = {A3209F33-761B-4F8A-B28A-1092D739DF70}
	EndGlobalSection
EndGlobal
